
Microsoft Visual Studio Solution File, Format Version 12.00
# Visual Studio 14
VisualStudioVersion = 14.0.25420.1
Project("{2150E333-8FDC-42A3-9474-1A3956D46DE8}") = "VDPService Files", "VDPService Files", "{79B052A8-88B5-47DB-90CD-1F3E2EDC22AC}"
	ProjectSection(SolutionItems) = preProject
		..\..\..\include\vdpOverlay.h = ..\..\..\include\vdpOverlay.h
		..\..\..\include\vdprpc_defines.h = ..\..\..\include\vdprpc_defines.h
		..\..\..\include\vdprpc_interfaces.h = ..\..\..\include\vdprpc_interfaces.h
		..\..\..\include\vdpService.h = ..\..\..\include\vdpService.h
		..\..\..\include\vdpService_defines.h = ..\..\..\include\vdpService_defines.h
		..\..\..\include\vdpService_guids.h = ..\..\..\include\vdpService_guids.h
		..\..\..\include\vdpService_interfaces.h = ..\..\..\include\vdpService_interfaces.h
	EndProjectSection
EndProject
Project("{8BC9CEB8-8B4A-11D0-8D11-00A0C91BC942}") = "VMR9OverlayClient", "VMR9OverlayClient\VMR9OverlayClient.vcxproj", "{3296C764-BD32-4966-B6A7-6E179142C9EE}"
EndProject
Project("{8BC9CEB8-8B4A-11D0-8D11-00A0C91BC942}") = "VMR9OverlayGuest", "VMR9OverlayGuest\VMR9OverlayGuest.vcxproj", "{200E2F69-7814-4281-9246-F08729CF82AE}"
	ProjectSection(ProjectDependencies) = postProject
		{3296C764-BD32-4966-B6A7-6E179142C9EE} = {3296C764-BD32-4966-B6A7-6E179142C9EE}
	EndProjectSection
EndProject
Project("{8BC9CEB8-8B4A-11D0-8D11-00A0C91BC942}") = "baseclasses", "..\WinSDK\BaseClasses\baseclasses.vcxproj", "{E8A3F6FA-AE1C-4C8E-A0B6-9C8480324EAA}"
EndProject
Global
	GlobalSection(SolutionConfigurationPlatforms) = preSolution
		Debug|x64 = Debug|x64
		Debug|x86 = Debug|x86
		Release|x64 = Release|x64
		Release|x86 = Release|x86
	EndGlobalSection
	GlobalSection(ProjectConfigurationPlatforms) = postSolution
		{3296C764-BD32-4966-B6A7-6E179142C9EE}.Debug|x64.ActiveCfg = Debug|x64
		{3296C764-BD32-4966-B6A7-6E179142C9EE}.Debug|x64.Build.0 = Debug|x64
		{3296C764-BD32-4966-B6A7-6E179142C9EE}.Debug|x86.ActiveCfg = Debug|Win32
		{3296C764-BD32-4966-B6A7-6E179142C9EE}.Debug|x86.Build.0 = Debug|Win32
		{3296C764-BD32-4966-B6A7-6E179142C9EE}.Release|x64.ActiveCfg = Release|x64
		{3296C764-BD32-4966-B6A7-6E179142C9EE}.Release|x64.Build.0 = Release|x64
		{3296C764-BD32-4966-B6A7-6E179142C9EE}.Release|x86.ActiveCfg = Release|Win32
		{3296C764-BD32-4966-B6A7-6E179142C9EE}.Release|x86.Build.0 = Release|Win32
		{200E2F69-7814-4281-9246-F08729CF82AE}.Debug|x64.ActiveCfg = Debug|x64
		{200E2F69-7814-4281-9246-F08729CF82AE}.Debug|x64.Build.0 = Debug|x64
		{200E2F69-7814-4281-9246-F08729CF82AE}.Debug|x86.ActiveCfg = Debug|Win32
		{200E2F69-7814-4281-9246-F08729CF82AE}.Debug|x86.Build.0 = Debug|Win32
		{200E2F69-7814-4281-9246-F08729CF82AE}.Release|x64.ActiveCfg = Release|x64
		{200E2F69-7814-4281-9246-F08729CF82AE}.Release|x64.Build.0 = Release|x64
		{200E2F69-7814-4281-9246-F08729CF82AE}.Release|x86.ActiveCfg = Release|Win32
		{200E2F69-7814-4281-9246-F08729CF82AE}.Release|x86.Build.0 = Release|Win32
		{E8A3F6FA-AE1C-4C8E-A0B6-9C8480324EAA}.Debug|x64.ActiveCfg = Debug|x64
		{E8A3F6FA-AE1C-4C8E-A0B6-9C8480324EAA}.Debug|x64.Build.0 = Debug|x64
		{E8A3F6FA-AE1C-4C8E-A0B6-9C8480324EAA}.Debug|x86.ActiveCfg = Debug|Win32
		{E8A3F6FA-AE1C-4C8E-A0B6-9C8480324EAA}.Debug|x86.Build.0 = Debug|Win32
		{E8A3F6FA-AE1C-4C8E-A0B6-9C8480324EAA}.Release|x64.ActiveCfg = Release|x64
		{E8A3F6FA-AE1C-4C8E-A0B6-9C8480324EAA}.Release|x64.Build.0 = Release|x64
		{E8A3F6FA-AE1C-4C8E-A0B6-9C8480324EAA}.Release|x86.ActiveCfg = Release|Win32
		{E8A3F6FA-AE1C-4C8E-A0B6-9C8480324EAA}.Release|x86.Build.0 = Release|Win32
	EndGlobalSection
	GlobalSection(SolutionProperties) = preSolution
		HideSolutionNode = FALSE
	EndGlobalSection
EndGlobal
